
Microsoft Visual Studio Solution File, Format Version 12.00
# Visual Studio Version 16
VisualStudioVersion = 16.0.31402.337
MinimumVisualStudioVersion = 10.0.40219.1
Project("{9A19103F-16F7-4668-BE54-9A1E7A4F7556}") = "Projekt Programowanie WSIiZ", "Projekt Programowanie WSIiZ.csproj", "{D3AEC5BD-BA0D-4413-9AA0-9D27E7CE76A7}"
EndProject
Project("{FAE04EC0-301F-11D3-BF4B-00C04F79EFBC}") = "TestProject2", "..\TestProject2\TestProject2.csproj", "{44A8D779-4BF5-4684-93BA-FC4FAF7A3BBE}"
EndProject
Global
	GlobalSection(SolutionConfigurationPlatforms) = preSolution
		Debug|Any CPU = Debug|Any CPU
		Release|Any CPU = Release|Any CPU
	EndGlobalSection
	GlobalSection(ProjectConfigurationPlatforms) = postSolution
		{D3AEC5BD-BA0D-4413-9AA0-9D27E7CE76A7}.Debug|Any CPU.ActiveCfg = Debug|Any CPU
		{D3AEC5BD-BA0D-4413-9AA0-9D27E7CE76A7}.Debug|Any CPU.Build.0 = Debug|Any CPU
		{D3AEC5BD-BA0D-4413-9AA0-9D27E7CE76A7}.Release|Any CPU.ActiveCfg = Release|Any CPU
		{D3AEC5BD-BA0D-4413-9AA0-9D27E7CE76A7}.Release|Any CPU.Build.0 = Release|Any CPU
		{44A8D779-4BF5-4684-93BA-FC4FAF7A3BBE}.Debug|Any CPU.ActiveCfg = Debug|Any CPU
		{44A8D779-4BF5-4684-93BA-FC4FAF7A3BBE}.Debug|Any CPU.Build.0 = Debug|Any CPU
		{44A8D779-4BF5-4684-93BA-FC4FAF7A3BBE}.Release|Any CPU.ActiveCfg = Release|Any CPU
		{44A8D779-4BF5-4684-93BA-FC4FAF7A3BBE}.Release|Any CPU.Build.0 = Release|Any CPU
	EndGlobalSection
	GlobalSection(SolutionProperties) = preSolution
		HideSolutionNode = FALSE
	EndGlobalSection
	GlobalSection(ExtensibilityGlobals) = postSolution
		SolutionGuid = {C5BDD6A2-7A27-4DD2-BC97-429C10E6050F}
	EndGlobalSection
EndGlobal
